
Microsoft Visual Studio Solution File, Format Version 12.00
# Visual Studio Version 16
VisualStudioVersion = 16.0.30611.23
MinimumVisualStudioVersion = 10.0.40219.1
Project("{9A19103F-16F7-4668-BE54-9A1E7A4F7556}") = "umbraco-templates", "umbraco-templates.csproj", "{E5D86914-822F-4D17-AB97-9D7E47CAA1EF}"
EndProject
Project("{FAE04EC0-301F-11D3-BF4B-00C04F79EFBC}") = "UiExamplesLibrary", "UiExamplesLibrary\UiExamplesLibrary.csproj", "{03A9E063-85A0-49EB-B3CA-9593AF9E6EEB}"
EndProject
Global
	GlobalSection(SolutionConfigurationPlatforms) = preSolution
		Debug|Any CPU = Debug|Any CPU
		Release|Any CPU = Release|Any CPU
	EndGlobalSection
	GlobalSection(ProjectConfigurationPlatforms) = postSolution
		{E5D86914-822F-4D17-AB97-9D7E47CAA1EF}.Debug|Any CPU.ActiveCfg = Debug|Any CPU
		{E5D86914-822F-4D17-AB97-9D7E47CAA1EF}.Debug|Any CPU.Build.0 = Debug|Any CPU
		{E5D86914-822F-4D17-AB97-9D7E47CAA1EF}.Release|Any CPU.ActiveCfg = Release|Any CPU
		{E5D86914-822F-4D17-AB97-9D7E47CAA1EF}.Release|Any CPU.Build.0 = Release|Any CPU
		{03A9E063-85A0-49EB-B3CA-9593AF9E6EEB}.Debug|Any CPU.ActiveCfg = Debug|Any CPU
		{03A9E063-85A0-49EB-B3CA-9593AF9E6EEB}.Debug|Any CPU.Build.0 = Debug|Any CPU
		{03A9E063-85A0-49EB-B3CA-9593AF9E6EEB}.Release|Any CPU.ActiveCfg = Release|Any CPU
		{03A9E063-85A0-49EB-B3CA-9593AF9E6EEB}.Release|Any CPU.Build.0 = Release|Any CPU
	EndGlobalSection
	GlobalSection(SolutionProperties) = preSolution
		HideSolutionNode = FALSE
	EndGlobalSection
	GlobalSection(ExtensibilityGlobals) = postSolution
		SolutionGuid = {14A3311B-E9B8-479F-BC93-C6AEC0AB19B9}
	EndGlobalSection
EndGlobal
